{
  "name": "CharlesLippens_14_21062022",
  "lockfileVersion": 2,
  "requires": true,
  "packages": {
    "": {
      "dependencies": {
        "react_customizable_modal_boilerplate_clippens": "^0.3.3"
      }
    },
    "node_modules/react_customizable_modal_boilerplate_clippens": {
      "version": "0.3.3",
      "resolved": "https://registry.npmjs.org/react_customizable_modal_boilerplate_clippens/-/react_customizable_modal_boilerplate_clippens-0.3.3.tgz",
      "integrity": "sha512-/IXAoCRXjHROQZ565XP6EPrhmZ23FZCpOOH7ykZa5vOhM3TPLqhiLLBVwqGE3I+NWDnH/w4W/N+9o44KneyGNg=="
    }
  },
  "dependencies": {
    "react_customizable_modal_boilerplate_clippens": {
      "version": "0.3.3",
      "resolved": "https://registry.npmjs.org/react_customizable_modal_boilerplate_clippens/-/react_customizable_modal_boilerplate_clippens-0.3.3.tgz",
      "integrity": "sha512-/IXAoCRXjHROQZ565XP6EPrhmZ23FZCpOOH7ykZa5vOhM3TPLqhiLLBVwqGE3I+NWDnH/w4W/N+9o44KneyGNg=="
    }
  }
}
